
Microsoft Visual Studio Solution File, Format Version 12.00
# Visual Studio Version 16
VisualStudioVersion = 16.0.31605.320
MinimumVisualStudioVersion = 10.0.40219.1
Project("{9A19103F-16F7-4668-BE54-9A1E7A4F7556}") = "WebApplication", "src\WebApplication\WebApplication.csproj", "{8B000E87-D8E9-46B1-8BC6-8CA18F162BF2}"
EndProject
Project("{2150E333-8FDC-42A3-9474-1A3956D46DE8}") = "Entities", "Entities", "{1F67936E-50E1-4668-940A-74874456BDCE}"
EndProject
Project("{FAE04EC0-301F-11D3-BF4B-00C04F79EFBC}") = "Template.Entities", "src\Entities\Template.Entities\Template.Entities.csproj", "{C9D8A17C-3AD9-4D76-B050-3295013085DE}"
EndProject
Project("{FAE04EC0-301F-11D3-BF4B-00C04F79EFBC}") = "Template.DomainServices.Interfaces", "src\Entities\Template.DomainServices.Interfaces\Template.DomainServices.Interfaces.csproj", "{5255FA07-13CF-49A4-B341-549F2EFB2744}"
EndProject
Project("{FAE04EC0-301F-11D3-BF4B-00C04F79EFBC}") = "Template.DomainServices.Implementation", "src\Entities\Template.DomainServices.Implementation\Template.DomainServices.Implementation.csproj", "{81AFBD0E-2BF8-4EA6-A2AD-48A9F1DDBE1B}"
EndProject
Project("{2150E333-8FDC-42A3-9474-1A3956D46DE8}") = "Utils", "Utils", "{3B17EFDC-8CC5-4B7F-B2CB-AC2EAF15D301}"
EndProject
Project("{FAE04EC0-301F-11D3-BF4B-00C04F79EFBC}") = "Template.Utils", "src\Utils\Template.Utils\Template.Utils.csproj", "{5C658864-BED2-4588-A834-EE3D8DAA64FB}"
EndProject
Project("{2150E333-8FDC-42A3-9474-1A3956D46DE8}") = "DataAccess", "DataAccess", "{144C1A69-D7BD-4473-9B70-BE5FBF3FA160}"
EndProject
Project("{FAE04EC0-301F-11D3-BF4B-00C04F79EFBC}") = "Template.DataAccess.Interfaces", "src\DataAccess\Template.DataAccess.Interfaces\Template.DataAccess.Interfaces.csproj", "{7B5964B9-D43F-490B-8274-6F1C1085AC71}"
EndProject
Project("{FAE04EC0-301F-11D3-BF4B-00C04F79EFBC}") = "Template.DataAccess.Implementation.MSSQL", "src\DataAccess\Template.DataAccess.Implementation.MSSQL\Template.DataAccess.Implementation.MSSQL.csproj", "{6EC89271-5A13-4819-BB05-E2FE499EB9D2}"
EndProject
Project("{2150E333-8FDC-42A3-9474-1A3956D46DE8}") = "UseCases", "UseCases", "{DE3BECA8-06F7-4513-A173-F3629AEB286C}"
EndProject
Project("{FAE04EC0-301F-11D3-BF4B-00C04F79EFBC}") = "Template.UseCases", "src\UseCases\Template.UseCases\Template.UseCases.csproj", "{9D293C7F-2A4A-4110-8F9A-309677006D75}"
EndProject
Project("{9A19103F-16F7-4668-BE54-9A1E7A4F7556}") = "Template.ApplicationServices.Interfaces", "src\UseCases\Template.ApplicationServices.Interfaces\Template.ApplicationServices.Interfaces.csproj", "{6E35DF08-98CE-4B2D-A162-76F6D40A442C}"
EndProject
Project("{9A19103F-16F7-4668-BE54-9A1E7A4F7556}") = "Template.ApplicationServices.Implementation", "src\UseCases\Template.ApplicationServices.Implementation\Template.ApplicationServices.Implementation.csproj", "{1D3AB6B1-464B-47F0-A6ED-D495F26CC4B0}"
EndProject
Global
	GlobalSection(SolutionConfigurationPlatforms) = preSolution
		Debug|Any CPU = Debug|Any CPU
		Release|Any CPU = Release|Any CPU
	EndGlobalSection
	GlobalSection(ProjectConfigurationPlatforms) = postSolution
		{8B000E87-D8E9-46B1-8BC6-8CA18F162BF2}.Debug|Any CPU.ActiveCfg = Debug|Any CPU
		{8B000E87-D8E9-46B1-8BC6-8CA18F162BF2}.Debug|Any CPU.Build.0 = Debug|Any CPU
		{8B000E87-D8E9-46B1-8BC6-8CA18F162BF2}.Release|Any CPU.ActiveCfg = Release|Any CPU
		{8B000E87-D8E9-46B1-8BC6-8CA18F162BF2}.Release|Any CPU.Build.0 = Release|Any CPU
		{C9D8A17C-3AD9-4D76-B050-3295013085DE}.Debug|Any CPU.ActiveCfg = Debug|Any CPU
		{C9D8A17C-3AD9-4D76-B050-3295013085DE}.Debug|Any CPU.Build.0 = Debug|Any CPU
		{C9D8A17C-3AD9-4D76-B050-3295013085DE}.Release|Any CPU.ActiveCfg = Release|Any CPU
		{C9D8A17C-3AD9-4D76-B050-3295013085DE}.Release|Any CPU.Build.0 = Release|Any CPU
		{5255FA07-13CF-49A4-B341-549F2EFB2744}.Debug|Any CPU.ActiveCfg = Debug|Any CPU
		{5255FA07-13CF-49A4-B341-549F2EFB2744}.Debug|Any CPU.Build.0 = Debug|Any CPU
		{5255FA07-13CF-49A4-B341-549F2EFB2744}.Release|Any CPU.ActiveCfg = Release|Any CPU
		{5255FA07-13CF-49A4-B341-549F2EFB2744}.Release|Any CPU.Build.0 = Release|Any CPU
		{81AFBD0E-2BF8-4EA6-A2AD-48A9F1DDBE1B}.Debug|Any CPU.ActiveCfg = Debug|Any CPU
		{81AFBD0E-2BF8-4EA6-A2AD-48A9F1DDBE1B}.Debug|Any CPU.Build.0 = Debug|Any CPU
		{81AFBD0E-2BF8-4EA6-A2AD-48A9F1DDBE1B}.Release|Any CPU.ActiveCfg = Release|Any CPU
		{81AFBD0E-2BF8-4EA6-A2AD-48A9F1DDBE1B}.Release|Any CPU.Build.0 = Release|Any CPU
		{5C658864-BED2-4588-A834-EE3D8DAA64FB}.Debug|Any CPU.ActiveCfg = Debug|Any CPU
		{5C658864-BED2-4588-A834-EE3D8DAA64FB}.Debug|Any CPU.Build.0 = Debug|Any CPU
		{5C658864-BED2-4588-A834-EE3D8DAA64FB}.Release|Any CPU.ActiveCfg = Release|Any CPU
		{5C658864-BED2-4588-A834-EE3D8DAA64FB}.Release|Any CPU.Build.0 = Release|Any CPU
		{7B5964B9-D43F-490B-8274-6F1C1085AC71}.Debug|Any CPU.ActiveCfg = Debug|Any CPU
		{7B5964B9-D43F-490B-8274-6F1C1085AC71}.Debug|Any CPU.Build.0 = Debug|Any CPU
		{7B5964B9-D43F-490B-8274-6F1C1085AC71}.Release|Any CPU.ActiveCfg = Release|Any CPU
		{7B5964B9-D43F-490B-8274-6F1C1085AC71}.Release|Any CPU.Build.0 = Release|Any CPU
		{6EC89271-5A13-4819-BB05-E2FE499EB9D2}.Debug|Any CPU.ActiveCfg = Debug|Any CPU
		{6EC89271-5A13-4819-BB05-E2FE499EB9D2}.Debug|Any CPU.Build.0 = Debug|Any CPU
		{6EC89271-5A13-4819-BB05-E2FE499EB9D2}.Release|Any CPU.ActiveCfg = Release|Any CPU
		{6EC89271-5A13-4819-BB05-E2FE499EB9D2}.Release|Any CPU.Build.0 = Release|Any CPU
		{9D293C7F-2A4A-4110-8F9A-309677006D75}.Debug|Any CPU.ActiveCfg = Debug|Any CPU
		{9D293C7F-2A4A-4110-8F9A-309677006D75}.Debug|Any CPU.Build.0 = Debug|Any CPU
		{9D293C7F-2A4A-4110-8F9A-309677006D75}.Release|Any CPU.ActiveCfg = Release|Any CPU
		{9D293C7F-2A4A-4110-8F9A-309677006D75}.Release|Any CPU.Build.0 = Release|Any CPU
		{6E35DF08-98CE-4B2D-A162-76F6D40A442C}.Debug|Any CPU.ActiveCfg = Debug|Any CPU
		{6E35DF08-98CE-4B2D-A162-76F6D40A442C}.Debug|Any CPU.Build.0 = Debug|Any CPU
		{6E35DF08-98CE-4B2D-A162-76F6D40A442C}.Release|Any CPU.ActiveCfg = Release|Any CPU
		{6E35DF08-98CE-4B2D-A162-76F6D40A442C}.Release|Any CPU.Build.0 = Release|Any CPU
		{1D3AB6B1-464B-47F0-A6ED-D495F26CC4B0}.Debug|Any CPU.ActiveCfg = Debug|Any CPU
		{1D3AB6B1-464B-47F0-A6ED-D495F26CC4B0}.Debug|Any CPU.Build.0 = Debug|Any CPU
		{1D3AB6B1-464B-47F0-A6ED-D495F26CC4B0}.Release|Any CPU.ActiveCfg = Release|Any CPU
		{1D3AB6B1-464B-47F0-A6ED-D495F26CC4B0}.Release|Any CPU.Build.0 = Release|Any CPU
	EndGlobalSection
	GlobalSection(SolutionProperties) = preSolution
		HideSolutionNode = FALSE
	EndGlobalSection
	GlobalSection(NestedProjects) = preSolution
		{C9D8A17C-3AD9-4D76-B050-3295013085DE} = {1F67936E-50E1-4668-940A-74874456BDCE}
		{5255FA07-13CF-49A4-B341-549F2EFB2744} = {1F67936E-50E1-4668-940A-74874456BDCE}
		{81AFBD0E-2BF8-4EA6-A2AD-48A9F1DDBE1B} = {1F67936E-50E1-4668-940A-74874456BDCE}
		{5C658864-BED2-4588-A834-EE3D8DAA64FB} = {3B17EFDC-8CC5-4B7F-B2CB-AC2EAF15D301}
		{7B5964B9-D43F-490B-8274-6F1C1085AC71} = {144C1A69-D7BD-4473-9B70-BE5FBF3FA160}
		{6EC89271-5A13-4819-BB05-E2FE499EB9D2} = {144C1A69-D7BD-4473-9B70-BE5FBF3FA160}
		{9D293C7F-2A4A-4110-8F9A-309677006D75} = {DE3BECA8-06F7-4513-A173-F3629AEB286C}
		{6E35DF08-98CE-4B2D-A162-76F6D40A442C} = {DE3BECA8-06F7-4513-A173-F3629AEB286C}
		{1D3AB6B1-464B-47F0-A6ED-D495F26CC4B0} = {DE3BECA8-06F7-4513-A173-F3629AEB286C}
	EndGlobalSection
	GlobalSection(ExtensibilityGlobals) = postSolution
		SolutionGuid = {CDBC2800-2030-4C92-BB48-E7F3E62F3B9A}
	EndGlobalSection
EndGlobal
